
Microsoft Visual Studio Solution File, Format Version 12.00
# Visual Studio Version 17
VisualStudioVersion = 17.8.34322.80
MinimumVisualStudioVersion = 10.0.40219.1
Project("{9A19103F-16F7-4668-BE54-9A1E7A4F7556}") = "2.1 pitagoras", "2.1 pitagoras\2.1 pitagoras.csproj", "{D06F2316-8C82-43B3-AB99-7779EFEAD93A}"
EndProject
Project("{9A19103F-16F7-4668-BE54-9A1E7A4F7556}") = "2.2 bmi", "2.2 bmi\2.2 bmi.csproj", "{7EB2EE7F-7B7B-4CAA-9BE7-DDCDB98B6A1E}"
EndProject
Project("{9A19103F-16F7-4668-BE54-9A1E7A4F7556}") = "2.3 kantor", "2.3 kantor\2.3 kantor.csproj", "{F7A7143F-8EBD-4DE5-8746-7469363FD58C}"
EndProject
Project("{9A19103F-16F7-4668-BE54-9A1E7A4F7556}") = "2.4 kontrola", "2.4 kontrola\2.4 kontrola.csproj", "{ED77912C-F833-4337-92CA-699A67A48F08}"
EndProject
Project("{9A19103F-16F7-4668-BE54-9A1E7A4F7556}") = "2.5 delta", "2.5 delta\2.5 delta.csproj", "{96F8E8A4-64D7-4373-B201-6933A9689A2E}"
EndProject
Project("{9A19103F-16F7-4668-BE54-9A1E7A4F7556}") = "3.1 pętla for", "3.1 pętla for\3.1 pętla for.csproj", "{D8C3AF74-548F-46C3-A4E5-9153A628582D}"
EndProject
Project("{9A19103F-16F7-4668-BE54-9A1E7A4F7556}") = "3.2 pętla while", "3.2 pętla while\3.2 pętla while.csproj", "{CAC0A8A5-136C-49EE-803D-29820694683B}"
EndProject
Project("{9A19103F-16F7-4668-BE54-9A1E7A4F7556}") = "3.3 pętla do while", "3.3 pętla do while\3.3 pętla do while.csproj", "{5E63EC0E-E976-42CB-A8C8-949B6BD70467}"
EndProject
Project("{9A19103F-16F7-4668-BE54-9A1E7A4F7556}") = "3.4 pętla foreach", "3.4 pętla foreach\3.4 pętla foreach.csproj", "{7B671937-F7E4-456F-9470-BAD0C0CE8B95}"
EndProject
Project("{9A19103F-16F7-4668-BE54-9A1E7A4F7556}") = "3.5 liczba Pi", "3.5 liczba Pi\3.5 liczba Pi.csproj", "{C197923B-E6F2-4F07-8F7B-AD6F05D4FEB3}"
EndProject
Project("{9A19103F-16F7-4668-BE54-9A1E7A4F7556}") = "4.1 tablica jednowymiarowa", "4.1 tablica jednowymiarowa\4.1 tablica jednowymiarowa.csproj", "{5C9A7DED-C4EC-4A6A-800A-1C069CC34FB5}"
EndProject
Project("{9A19103F-16F7-4668-BE54-9A1E7A4F7556}") = "4.2 tablica wielowymiarowa", "4.2 tablica wielowymiarowa\4.2 tablica wielowymiarowa.csproj", "{55D7C4DB-0F2D-44FC-8C38-637B6CFC29A2}"
EndProject
Project("{9A19103F-16F7-4668-BE54-9A1E7A4F7556}") = "4.3 przełączanie się pomiędzy elementami kolekcji", "4.3 przełączanie się pomiędzy elementami kolekcji\4.3 przełączanie się pomiędzy elementami kolekcji.csproj", "{95B05745-0F24-481A-9941-80A86BC29AB3}"
EndProject
Project("{9A19103F-16F7-4668-BE54-9A1E7A4F7556}") = "4.4 arraylist()", "4.4 arraylist()\4.4 arraylist().csproj", "{51ACB704-EC1F-4041-A295-F613C767A428}"
EndProject
Project("{9A19103F-16F7-4668-BE54-9A1E7A4F7556}") = "4.5 dodawanie macierzy", "4.5 dodawanie macierzy\4.5 dodawanie macierzy.csproj", "{1A0E0D4F-C094-461E-861F-86ED33623E71}"
EndProject
Project("{9A19103F-16F7-4668-BE54-9A1E7A4F7556}") = "5.1 metoda lenght na łańcuchach tekstowych", "5.1 metoda lenght na łańcuchach tekstowych\5.1 metoda lenght na łańcuchach tekstowych.csproj", "{3657EAC6-E91E-4761-A8A5-62836E3BB1CD}"
EndProject
Project("{9A19103F-16F7-4668-BE54-9A1E7A4F7556}") = "5.2 konkatenacja", "5.2 konkatenacja\5.2 konkatenacja.csproj", "{ECDA1DF4-CF08-417E-A96A-74A02D750DD3}"
EndProject
Project("{9A19103F-16F7-4668-BE54-9A1E7A4F7556}") = "5.3 operacje na plikach", "5.3 operacje na plikach\5.3 operacje na plikach.csproj", "{404EA5A1-DF2C-4BD4-A504-C4441BE63208}"
EndProject
Project("{9A19103F-16F7-4668-BE54-9A1E7A4F7556}") = "5.4 poruszanie się po pliku", "5.4 poruszanie się po pliku\5.4 poruszanie się po pliku.csproj", "{5AFFB82E-E8CB-49C9-A533-FA0AB30B1C51}"
EndProject
Project("{9A19103F-16F7-4668-BE54-9A1E7A4F7556}") = "5.5 obsługa wyjątków", "5.5 obsługa wyjątków\5.5 obsługa wyjątków.csproj", "{3497870C-C176-4CC0-8E8D-B7BF85138D2B}"
EndProject
Project("{FAE04EC0-301F-11D3-BF4B-00C04F79EFBC}") = "5.6 ciąg fibbonaciego", "5.6 ciąg fibbonaciego\5.6 ciąg fibbonaciego.csproj", "{B34D2C62-F820-4EB3-98CB-F101CD5763CB}"
EndProject
Global
	GlobalSection(SolutionConfigurationPlatforms) = preSolution
		Debug|Any CPU = Debug|Any CPU
		Release|Any CPU = Release|Any CPU
	EndGlobalSection
	GlobalSection(ProjectConfigurationPlatforms) = postSolution
		{D06F2316-8C82-43B3-AB99-7779EFEAD93A}.Debug|Any CPU.ActiveCfg = Debug|Any CPU
		{D06F2316-8C82-43B3-AB99-7779EFEAD93A}.Debug|Any CPU.Build.0 = Debug|Any CPU
		{D06F2316-8C82-43B3-AB99-7779EFEAD93A}.Release|Any CPU.ActiveCfg = Release|Any CPU
		{D06F2316-8C82-43B3-AB99-7779EFEAD93A}.Release|Any CPU.Build.0 = Release|Any CPU
		{7EB2EE7F-7B7B-4CAA-9BE7-DDCDB98B6A1E}.Debug|Any CPU.ActiveCfg = Debug|Any CPU
		{7EB2EE7F-7B7B-4CAA-9BE7-DDCDB98B6A1E}.Debug|Any CPU.Build.0 = Debug|Any CPU
		{7EB2EE7F-7B7B-4CAA-9BE7-DDCDB98B6A1E}.Release|Any CPU.ActiveCfg = Release|Any CPU
		{7EB2EE7F-7B7B-4CAA-9BE7-DDCDB98B6A1E}.Release|Any CPU.Build.0 = Release|Any CPU
		{F7A7143F-8EBD-4DE5-8746-7469363FD58C}.Debug|Any CPU.ActiveCfg = Debug|Any CPU
		{F7A7143F-8EBD-4DE5-8746-7469363FD58C}.Debug|Any CPU.Build.0 = Debug|Any CPU
		{F7A7143F-8EBD-4DE5-8746-7469363FD58C}.Release|Any CPU.ActiveCfg = Release|Any CPU
		{F7A7143F-8EBD-4DE5-8746-7469363FD58C}.Release|Any CPU.Build.0 = Release|Any CPU
		{ED77912C-F833-4337-92CA-699A67A48F08}.Debug|Any CPU.ActiveCfg = Debug|Any CPU
		{ED77912C-F833-4337-92CA-699A67A48F08}.Debug|Any CPU.Build.0 = Debug|Any CPU
		{ED77912C-F833-4337-92CA-699A67A48F08}.Release|Any CPU.ActiveCfg = Release|Any CPU
		{ED77912C-F833-4337-92CA-699A67A48F08}.Release|Any CPU.Build.0 = Release|Any CPU
		{96F8E8A4-64D7-4373-B201-6933A9689A2E}.Debug|Any CPU.ActiveCfg = Debug|Any CPU
		{96F8E8A4-64D7-4373-B201-6933A9689A2E}.Debug|Any CPU.Build.0 = Debug|Any CPU
		{96F8E8A4-64D7-4373-B201-6933A9689A2E}.Release|Any CPU.ActiveCfg = Release|Any CPU
		{96F8E8A4-64D7-4373-B201-6933A9689A2E}.Release|Any CPU.Build.0 = Release|Any CPU
		{D8C3AF74-548F-46C3-A4E5-9153A628582D}.Debug|Any CPU.ActiveCfg = Debug|Any CPU
		{D8C3AF74-548F-46C3-A4E5-9153A628582D}.Debug|Any CPU.Build.0 = Debug|Any CPU
		{D8C3AF74-548F-46C3-A4E5-9153A628582D}.Release|Any CPU.ActiveCfg = Release|Any CPU
		{D8C3AF74-548F-46C3-A4E5-9153A628582D}.Release|Any CPU.Build.0 = Release|Any CPU
		{CAC0A8A5-136C-49EE-803D-29820694683B}.Debug|Any CPU.ActiveCfg = Debug|Any CPU
		{CAC0A8A5-136C-49EE-803D-29820694683B}.Debug|Any CPU.Build.0 = Debug|Any CPU
		{CAC0A8A5-136C-49EE-803D-29820694683B}.Release|Any CPU.ActiveCfg = Release|Any CPU
		{CAC0A8A5-136C-49EE-803D-29820694683B}.Release|Any CPU.Build.0 = Release|Any CPU
		{5E63EC0E-E976-42CB-A8C8-949B6BD70467}.Debug|Any CPU.ActiveCfg = Debug|Any CPU
		{5E63EC0E-E976-42CB-A8C8-949B6BD70467}.Debug|Any CPU.Build.0 = Debug|Any CPU
		{5E63EC0E-E976-42CB-A8C8-949B6BD70467}.Release|Any CPU.ActiveCfg = Release|Any CPU
		{5E63EC0E-E976-42CB-A8C8-949B6BD70467}.Release|Any CPU.Build.0 = Release|Any CPU
		{7B671937-F7E4-456F-9470-BAD0C0CE8B95}.Debug|Any CPU.ActiveCfg = Debug|Any CPU
		{7B671937-F7E4-456F-9470-BAD0C0CE8B95}.Debug|Any CPU.Build.0 = Debug|Any CPU
		{7B671937-F7E4-456F-9470-BAD0C0CE8B95}.Release|Any CPU.ActiveCfg = Release|Any CPU
		{7B671937-F7E4-456F-9470-BAD0C0CE8B95}.Release|Any CPU.Build.0 = Release|Any CPU
		{C197923B-E6F2-4F07-8F7B-AD6F05D4FEB3}.Debug|Any CPU.ActiveCfg = Debug|Any CPU
		{C197923B-E6F2-4F07-8F7B-AD6F05D4FEB3}.Debug|Any CPU.Build.0 = Debug|Any CPU
		{C197923B-E6F2-4F07-8F7B-AD6F05D4FEB3}.Release|Any CPU.ActiveCfg = Release|Any CPU
		{C197923B-E6F2-4F07-8F7B-AD6F05D4FEB3}.Release|Any CPU.Build.0 = Release|Any CPU
		{5C9A7DED-C4EC-4A6A-800A-1C069CC34FB5}.Debug|Any CPU.ActiveCfg = Debug|Any CPU
		{5C9A7DED-C4EC-4A6A-800A-1C069CC34FB5}.Debug|Any CPU.Build.0 = Debug|Any CPU
		{5C9A7DED-C4EC-4A6A-800A-1C069CC34FB5}.Release|Any CPU.ActiveCfg = Release|Any CPU
		{5C9A7DED-C4EC-4A6A-800A-1C069CC34FB5}.Release|Any CPU.Build.0 = Release|Any CPU
		{55D7C4DB-0F2D-44FC-8C38-637B6CFC29A2}.Debug|Any CPU.ActiveCfg = Debug|Any CPU
		{55D7C4DB-0F2D-44FC-8C38-637B6CFC29A2}.Debug|Any CPU.Build.0 = Debug|Any CPU
		{55D7C4DB-0F2D-44FC-8C38-637B6CFC29A2}.Release|Any CPU.ActiveCfg = Release|Any CPU
		{55D7C4DB-0F2D-44FC-8C38-637B6CFC29A2}.Release|Any CPU.Build.0 = Release|Any CPU
		{95B05745-0F24-481A-9941-80A86BC29AB3}.Debug|Any CPU.ActiveCfg = Debug|Any CPU
		{95B05745-0F24-481A-9941-80A86BC29AB3}.Debug|Any CPU.Build.0 = Debug|Any CPU
		{95B05745-0F24-481A-9941-80A86BC29AB3}.Release|Any CPU.ActiveCfg = Release|Any CPU
		{95B05745-0F24-481A-9941-80A86BC29AB3}.Release|Any CPU.Build.0 = Release|Any CPU
		{51ACB704-EC1F-4041-A295-F613C767A428}.Debug|Any CPU.ActiveCfg = Debug|Any CPU
		{51ACB704-EC1F-4041-A295-F613C767A428}.Debug|Any CPU.Build.0 = Debug|Any CPU
		{51ACB704-EC1F-4041-A295-F613C767A428}.Release|Any CPU.ActiveCfg = Release|Any CPU
		{51ACB704-EC1F-4041-A295-F613C767A428}.Release|Any CPU.Build.0 = Release|Any CPU
		{1A0E0D4F-C094-461E-861F-86ED33623E71}.Debug|Any CPU.ActiveCfg = Debug|Any CPU
		{1A0E0D4F-C094-461E-861F-86ED33623E71}.Debug|Any CPU.Build.0 = Debug|Any CPU
		{1A0E0D4F-C094-461E-861F-86ED33623E71}.Release|Any CPU.ActiveCfg = Release|Any CPU
		{1A0E0D4F-C094-461E-861F-86ED33623E71}.Release|Any CPU.Build.0 = Release|Any CPU
		{3657EAC6-E91E-4761-A8A5-62836E3BB1CD}.Debug|Any CPU.ActiveCfg = Debug|Any CPU
		{3657EAC6-E91E-4761-A8A5-62836E3BB1CD}.Debug|Any CPU.Build.0 = Debug|Any CPU
		{3657EAC6-E91E-4761-A8A5-62836E3BB1CD}.Release|Any CPU.ActiveCfg = Release|Any CPU
		{3657EAC6-E91E-4761-A8A5-62836E3BB1CD}.Release|Any CPU.Build.0 = Release|Any CPU
		{ECDA1DF4-CF08-417E-A96A-74A02D750DD3}.Debug|Any CPU.ActiveCfg = Debug|Any CPU
		{ECDA1DF4-CF08-417E-A96A-74A02D750DD3}.Debug|Any CPU.Build.0 = Debug|Any CPU
		{ECDA1DF4-CF08-417E-A96A-74A02D750DD3}.Release|Any CPU.ActiveCfg = Release|Any CPU
		{ECDA1DF4-CF08-417E-A96A-74A02D750DD3}.Release|Any CPU.Build.0 = Release|Any CPU
		{404EA5A1-DF2C-4BD4-A504-C4441BE63208}.Debug|Any CPU.ActiveCfg = Debug|Any CPU
		{404EA5A1-DF2C-4BD4-A504-C4441BE63208}.Debug|Any CPU.Build.0 = Debug|Any CPU
		{404EA5A1-DF2C-4BD4-A504-C4441BE63208}.Release|Any CPU.ActiveCfg = Release|Any CPU
		{404EA5A1-DF2C-4BD4-A504-C4441BE63208}.Release|Any CPU.Build.0 = Release|Any CPU
		{5AFFB82E-E8CB-49C9-A533-FA0AB30B1C51}.Debug|Any CPU.ActiveCfg = Debug|Any CPU
		{5AFFB82E-E8CB-49C9-A533-FA0AB30B1C51}.Debug|Any CPU.Build.0 = Debug|Any CPU
		{5AFFB82E-E8CB-49C9-A533-FA0AB30B1C51}.Release|Any CPU.ActiveCfg = Release|Any CPU
		{5AFFB82E-E8CB-49C9-A533-FA0AB30B1C51}.Release|Any CPU.Build.0 = Release|Any CPU
		{3497870C-C176-4CC0-8E8D-B7BF85138D2B}.Debug|Any CPU.ActiveCfg = Debug|Any CPU
		{3497870C-C176-4CC0-8E8D-B7BF85138D2B}.Debug|Any CPU.Build.0 = Debug|Any CPU
		{3497870C-C176-4CC0-8E8D-B7BF85138D2B}.Release|Any CPU.ActiveCfg = Release|Any CPU
		{3497870C-C176-4CC0-8E8D-B7BF85138D2B}.Release|Any CPU.Build.0 = Release|Any CPU
		{B34D2C62-F820-4EB3-98CB-F101CD5763CB}.Debug|Any CPU.ActiveCfg = Debug|Any CPU
		{B34D2C62-F820-4EB3-98CB-F101CD5763CB}.Debug|Any CPU.Build.0 = Debug|Any CPU
		{B34D2C62-F820-4EB3-98CB-F101CD5763CB}.Release|Any CPU.ActiveCfg = Release|Any CPU
		{B34D2C62-F820-4EB3-98CB-F101CD5763CB}.Release|Any CPU.Build.0 = Release|Any CPU
	EndGlobalSection
	GlobalSection(SolutionProperties) = preSolution
		HideSolutionNode = FALSE
	EndGlobalSection
	GlobalSection(ExtensibilityGlobals) = postSolution
		SolutionGuid = {5B178738-A589-4F70-B30F-C99B2DFEA890}
	EndGlobalSection
EndGlobal
